
Microsoft Visual Studio Solution File, Format Version 12.00
# Visual Studio Version 17
VisualStudioVersion = 17.14.36915.13 d17.14
MinimumVisualStudioVersion = 10.0.40219.1
Project("{FAE04EC0-301F-11D3-BF4B-00C04F79EFBC}") = "CybersecurityAwarenessBot", "CybersecurityAwarenessBot\CybersecurityAwarenessBot.csproj", "{113C64BD-3D56-4ACF-A147-2AED88600D79}"
EndProject
Global
	GlobalSection(SolutionConfigurationPlatforms) = preSolution
		Debug|Any CPU = Debug|Any CPU
		Release|Any CPU = Release|Any CPU
	EndGlobalSection
	GlobalSection(ProjectConfigurationPlatforms) = postSolution
		{113C64BD-3D56-4ACF-A147-2AED88600D79}.Debug|Any CPU.ActiveCfg = Debug|Any CPU
		{113C64BD-3D56-4ACF-A147-2AED88600D79}.Debug|Any CPU.Build.0 = Debug|Any CPU
		{113C64BD-3D56-4ACF-A147-2AED88600D79}.Release|Any CPU.ActiveCfg = Release|Any CPU
		{113C64BD-3D56-4ACF-A147-2AED88600D79}.Release|Any CPU.Build.0 = Release|Any CPU
	EndGlobalSection
	GlobalSection(SolutionProperties) = preSolution
		HideSolutionNode = FALSE
	EndGlobalSection
	GlobalSection(ExtensibilityGlobals) = postSolution
		SolutionGuid = {E76B7DDB-0598-44E9-8666-DFF2AD880B0D}
	EndGlobalSection
EndGlobal
